
Microsoft Visual Studio Solution File, Format Version 12.00
# Visual Studio 15
VisualStudioVersion = 15.0.28307.1062
MinimumVisualStudioVersion = 10.0.40219.1
Project("{F184B08F-C81C-45F6-A57F-5ABD9991F28F}") = "appUsuario", "appUsuario\appUsuario.vbproj", "{26AA572F-64CD-438D-B95B-6B896600EE93}"
EndProject
Project("{F184B08F-C81C-45F6-A57F-5ABD9991F28F}") = "appGestion", "appGestion\appGestion.vbproj", "{DC6F6C17-8EA4-4AC8-A195-AFFE9521168D}"
EndProject
Project("{F184B08F-C81C-45F6-A57F-5ABD9991F28F}") = "capaDatos", "capaDatos\capaDatos.vbproj", "{4A0549B4-3071-487B-87D5-1733DFACA568}"
EndProject
Project("{778DAE3C-4631-46EA-AA77-85C1314464D9}") = "capaLogica", "capaLogica\capaLogica.vbproj", "{F564B44E-3D9D-477F-BA6D-592D26316403}"
EndProject
Project("{F184B08F-C81C-45F6-A57F-5ABD9991F28F}") = "appMedico", "appMedico\appMedico.vbproj", "{35EC33AB-8FAE-4392-B164-B5899634C448}"
EndProject
Project("{F184B08F-C81C-45F6-A57F-5ABD9991F28F}") = "UnitTest", "UnitTest\UnitTest.vbproj", "{FE1E2FAA-8F52-4F82-BB75-A1C1831DA309}"
EndProject
Project("{54435603-DBB4-11D2-8724-00A0C9A8B90C}") = "Instalacion_Triage", "Instalacion_Triage\Instalacion_Triage.vdproj", "{5F27338B-DF24-4FF5-BB6F-E90FDFA7A35A}"
EndProject
Project("{54435603-DBB4-11D2-8724-00A0C9A8B90C}") = "Instalacion_Medico", "Instalacion_Medico\Instalacion_Medico.vdproj", "{ADE097F3-B4E5-4007-A269-1B7E0B5A89D8}"
EndProject
Project("{54435603-DBB4-11D2-8724-00A0C9A8B90C}") = "Instalacion_Paciente", "Instalacion_Paciente\Instalacion_Paciente.vdproj", "{732928F4-6EC6-49AE-8CCC-C7AEA2236629}"
EndProject
Global
	GlobalSection(SolutionConfigurationPlatforms) = preSolution
		Ad-Hoc|Any CPU = Ad-Hoc|Any CPU
		Ad-Hoc|iPhone = Ad-Hoc|iPhone
		Ad-Hoc|iPhoneSimulator = Ad-Hoc|iPhoneSimulator
		AppStore|Any CPU = AppStore|Any CPU
		AppStore|iPhone = AppStore|iPhone
		AppStore|iPhoneSimulator = AppStore|iPhoneSimulator
		Debug|Any CPU = Debug|Any CPU
		Debug|iPhone = Debug|iPhone
		Debug|iPhoneSimulator = Debug|iPhoneSimulator
		Release|Any CPU = Release|Any CPU
		Release|iPhone = Release|iPhone
		Release|iPhoneSimulator = Release|iPhoneSimulator
	EndGlobalSection
	GlobalSection(ProjectConfigurationPlatforms) = postSolution
		{26AA572F-64CD-438D-B95B-6B896600EE93}.Ad-Hoc|Any CPU.ActiveCfg = Release|Any CPU
		{26AA572F-64CD-438D-B95B-6B896600EE93}.Ad-Hoc|Any CPU.Build.0 = Release|Any CPU
		{26AA572F-64CD-438D-B95B-6B896600EE93}.Ad-Hoc|iPhone.ActiveCfg = Release|Any CPU
		{26AA572F-64CD-438D-B95B-6B896600EE93}.Ad-Hoc|iPhone.Build.0 = Release|Any CPU
		{26AA572F-64CD-438D-B95B-6B896600EE93}.Ad-Hoc|iPhoneSimulator.ActiveCfg = Release|Any CPU
		{26AA572F-64CD-438D-B95B-6B896600EE93}.Ad-Hoc|iPhoneSimulator.Build.0 = Release|Any CPU
		{26AA572F-64CD-438D-B95B-6B896600EE93}.AppStore|Any CPU.ActiveCfg = Release|Any CPU
		{26AA572F-64CD-438D-B95B-6B896600EE93}.AppStore|Any CPU.Build.0 = Release|Any CPU
		{26AA572F-64CD-438D-B95B-6B896600EE93}.AppStore|iPhone.ActiveCfg = Release|Any CPU
		{26AA572F-64CD-438D-B95B-6B896600EE93}.AppStore|iPhone.Build.0 = Release|Any CPU
		{26AA572F-64CD-438D-B95B-6B896600EE93}.AppStore|iPhoneSimulator.ActiveCfg = Release|Any CPU
		{26AA572F-64CD-438D-B95B-6B896600EE93}.AppStore|iPhoneSimulator.Build.0 = Release|Any CPU
		{26AA572F-64CD-438D-B95B-6B896600EE93}.Debug|Any CPU.ActiveCfg = Debug|Any CPU
		{26AA572F-64CD-438D-B95B-6B896600EE93}.Debug|Any CPU.Build.0 = Debug|Any CPU
		{26AA572F-64CD-438D-B95B-6B896600EE93}.Debug|iPhone.ActiveCfg = Debug|Any CPU
		{26AA572F-64CD-438D-B95B-6B896600EE93}.Debug|iPhone.Build.0 = Debug|Any CPU
		{26AA572F-64CD-438D-B95B-6B896600EE93}.Debug|iPhoneSimulator.ActiveCfg = Debug|Any CPU
		{26AA572F-64CD-438D-B95B-6B896600EE93}.Debug|iPhoneSimulator.Build.0 = Debug|Any CPU
		{26AA572F-64CD-438D-B95B-6B896600EE93}.Release|Any CPU.ActiveCfg = Release|Any CPU
		{26AA572F-64CD-438D-B95B-6B896600EE93}.Release|Any CPU.Build.0 = Release|Any CPU
		{26AA572F-64CD-438D-B95B-6B896600EE93}.Release|iPhone.ActiveCfg = Release|Any CPU
		{26AA572F-64CD-438D-B95B-6B896600EE93}.Release|iPhone.Build.0 = Release|Any CPU
		{26AA572F-64CD-438D-B95B-6B896600EE93}.Release|iPhoneSimulator.ActiveCfg = Release|Any CPU
		{26AA572F-64CD-438D-B95B-6B896600EE93}.Release|iPhoneSimulator.Build.0 = Release|Any CPU
		{DC6F6C17-8EA4-4AC8-A195-AFFE9521168D}.Ad-Hoc|Any CPU.ActiveCfg = Release|Any CPU
		{DC6F6C17-8EA4-4AC8-A195-AFFE9521168D}.Ad-Hoc|Any CPU.Build.0 = Release|Any CPU
		{DC6F6C17-8EA4-4AC8-A195-AFFE9521168D}.Ad-Hoc|iPhone.ActiveCfg = Release|Any CPU
		{DC6F6C17-8EA4-4AC8-A195-AFFE9521168D}.Ad-Hoc|iPhone.Build.0 = Release|Any CPU
		{DC6F6C17-8EA4-4AC8-A195-AFFE9521168D}.Ad-Hoc|iPhoneSimulator.ActiveCfg = Release|Any CPU
		{DC6F6C17-8EA4-4AC8-A195-AFFE9521168D}.Ad-Hoc|iPhoneSimulator.Build.0 = Release|Any CPU
		{DC6F6C17-8EA4-4AC8-A195-AFFE9521168D}.AppStore|Any CPU.ActiveCfg = Release|Any CPU
		{DC6F6C17-8EA4-4AC8-A195-AFFE9521168D}.AppStore|Any CPU.Build.0 = Release|Any CPU
		{DC6F6C17-8EA4-4AC8-A195-AFFE9521168D}.AppStore|iPhone.ActiveCfg = Release|Any CPU
		{DC6F6C17-8EA4-4AC8-A195-AFFE9521168D}.AppStore|iPhone.Build.0 = Release|Any CPU
		{DC6F6C17-8EA4-4AC8-A195-AFFE9521168D}.AppStore|iPhoneSimulator.ActiveCfg = Release|Any CPU
		{DC6F6C17-8EA4-4AC8-A195-AFFE9521168D}.AppStore|iPhoneSimulator.Build.0 = Release|Any CPU
		{DC6F6C17-8EA4-4AC8-A195-AFFE9521168D}.Debug|Any CPU.ActiveCfg = Debug|Any CPU
		{DC6F6C17-8EA4-4AC8-A195-AFFE9521168D}.Debug|Any CPU.Build.0 = Debug|Any CPU
		{DC6F6C17-8EA4-4AC8-A195-AFFE9521168D}.Debug|iPhone.ActiveCfg = Debug|Any CPU
		{DC6F6C17-8EA4-4AC8-A195-AFFE9521168D}.Debug|iPhone.Build.0 = Debug|Any CPU
		{DC6F6C17-8EA4-4AC8-A195-AFFE9521168D}.Debug|iPhoneSimulator.ActiveCfg = Debug|Any CPU
		{DC6F6C17-8EA4-4AC8-A195-AFFE9521168D}.Debug|iPhoneSimulator.Build.0 = Debug|Any CPU
		{DC6F6C17-8EA4-4AC8-A195-AFFE9521168D}.Release|Any CPU.ActiveCfg = Release|Any CPU
		{DC6F6C17-8EA4-4AC8-A195-AFFE9521168D}.Release|Any CPU.Build.0 = Release|Any CPU
		{DC6F6C17-8EA4-4AC8-A195-AFFE9521168D}.Release|iPhone.ActiveCfg = Release|Any CPU
		{DC6F6C17-8EA4-4AC8-A195-AFFE9521168D}.Release|iPhone.Build.0 = Release|Any CPU
		{DC6F6C17-8EA4-4AC8-A195-AFFE9521168D}.Release|iPhoneSimulator.ActiveCfg = Release|Any CPU
		{DC6F6C17-8EA4-4AC8-A195-AFFE9521168D}.Release|iPhoneSimulator.Build.0 = Release|Any CPU
		{4A0549B4-3071-487B-87D5-1733DFACA568}.Ad-Hoc|Any CPU.ActiveCfg = Release|Any CPU
		{4A0549B4-3071-487B-87D5-1733DFACA568}.Ad-Hoc|Any CPU.Build.0 = Release|Any CPU
		{4A0549B4-3071-487B-87D5-1733DFACA568}.Ad-Hoc|iPhone.ActiveCfg = Release|Any CPU
		{4A0549B4-3071-487B-87D5-1733DFACA568}.Ad-Hoc|iPhone.Build.0 = Release|Any CPU
		{4A0549B4-3071-487B-87D5-1733DFACA568}.Ad-Hoc|iPhoneSimulator.ActiveCfg = Release|Any CPU
		{4A0549B4-3071-487B-87D5-1733DFACA568}.Ad-Hoc|iPhoneSimulator.Build.0 = Release|Any CPU
		{4A0549B4-3071-487B-87D5-1733DFACA568}.AppStore|Any CPU.ActiveCfg = Release|Any CPU
		{4A0549B4-3071-487B-87D5-1733DFACA568}.AppStore|Any CPU.Build.0 = Release|Any CPU
		{4A0549B4-3071-487B-87D5-1733DFACA568}.AppStore|iPhone.ActiveCfg = Release|Any CPU
		{4A0549B4-3071-487B-87D5-1733DFACA568}.AppStore|iPhone.Build.0 = Release|Any CPU
		{4A0549B4-3071-487B-87D5-1733DFACA568}.AppStore|iPhoneSimulator.ActiveCfg = Release|Any CPU
		{4A0549B4-3071-487B-87D5-1733DFACA568}.AppStore|iPhoneSimulator.Build.0 = Release|Any CPU
		{4A0549B4-3071-487B-87D5-1733DFACA568}.Debug|Any CPU.ActiveCfg = Debug|Any CPU
		{4A0549B4-3071-487B-87D5-1733DFACA568}.Debug|Any CPU.Build.0 = Debug|Any CPU
		{4A0549B4-3071-487B-87D5-1733DFACA568}.Debug|iPhone.ActiveCfg = Debug|Any CPU
		{4A0549B4-3071-487B-87D5-1733DFACA568}.Debug|iPhone.Build.0 = Debug|Any CPU
		{4A0549B4-3071-487B-87D5-1733DFACA568}.Debug|iPhoneSimulator.ActiveCfg = Debug|Any CPU
		{4A0549B4-3071-487B-87D5-1733DFACA568}.Debug|iPhoneSimulator.Build.0 = Debug|Any CPU
		{4A0549B4-3071-487B-87D5-1733DFACA568}.Release|Any CPU.ActiveCfg = Release|Any CPU
		{4A0549B4-3071-487B-87D5-1733DFACA568}.Release|Any CPU.Build.0 = Release|Any CPU
		{4A0549B4-3071-487B-87D5-1733DFACA568}.Release|iPhone.ActiveCfg = Release|Any CPU
		{4A0549B4-3071-487B-87D5-1733DFACA568}.Release|iPhone.Build.0 = Release|Any CPU
		{4A0549B4-3071-487B-87D5-1733DFACA568}.Release|iPhoneSimulator.ActiveCfg = Release|Any CPU
		{4A0549B4-3071-487B-87D5-1733DFACA568}.Release|iPhoneSimulator.Build.0 = Release|Any CPU
		{F564B44E-3D9D-477F-BA6D-592D26316403}.Ad-Hoc|Any CPU.ActiveCfg = Release|Any CPU
		{F564B44E-3D9D-477F-BA6D-592D26316403}.Ad-Hoc|Any CPU.Build.0 = Release|Any CPU
		{F564B44E-3D9D-477F-BA6D-592D26316403}.Ad-Hoc|iPhone.ActiveCfg = Release|Any CPU
		{F564B44E-3D9D-477F-BA6D-592D26316403}.Ad-Hoc|iPhone.Build.0 = Release|Any CPU
		{F564B44E-3D9D-477F-BA6D-592D26316403}.Ad-Hoc|iPhoneSimulator.ActiveCfg = Release|Any CPU
		{F564B44E-3D9D-477F-BA6D-592D26316403}.Ad-Hoc|iPhoneSimulator.Build.0 = Release|Any CPU
		{F564B44E-3D9D-477F-BA6D-592D26316403}.AppStore|Any CPU.ActiveCfg = Release|Any CPU
		{F564B44E-3D9D-477F-BA6D-592D26316403}.AppStore|Any CPU.Build.0 = Release|Any CPU
		{F564B44E-3D9D-477F-BA6D-592D26316403}.AppStore|iPhone.ActiveCfg = Release|Any CPU
		{F564B44E-3D9D-477F-BA6D-592D26316403}.AppStore|iPhone.Build.0 = Release|Any CPU
		{F564B44E-3D9D-477F-BA6D-592D26316403}.AppStore|iPhoneSimulator.ActiveCfg = Release|Any CPU
		{F564B44E-3D9D-477F-BA6D-592D26316403}.AppStore|iPhoneSimulator.Build.0 = Release|Any CPU
		{F564B44E-3D9D-477F-BA6D-592D26316403}.Debug|Any CPU.ActiveCfg = Debug|Any CPU
		{F564B44E-3D9D-477F-BA6D-592D26316403}.Debug|Any CPU.Build.0 = Debug|Any CPU
		{F564B44E-3D9D-477F-BA6D-592D26316403}.Debug|iPhone.ActiveCfg = Debug|Any CPU
		{F564B44E-3D9D-477F-BA6D-592D26316403}.Debug|iPhone.Build.0 = Debug|Any CPU
		{F564B44E-3D9D-477F-BA6D-592D26316403}.Debug|iPhoneSimulator.ActiveCfg = Debug|Any CPU
		{F564B44E-3D9D-477F-BA6D-592D26316403}.Debug|iPhoneSimulator.Build.0 = Debug|Any CPU
		{F564B44E-3D9D-477F-BA6D-592D26316403}.Release|Any CPU.ActiveCfg = Release|Any CPU
		{F564B44E-3D9D-477F-BA6D-592D26316403}.Release|Any CPU.Build.0 = Release|Any CPU
		{F564B44E-3D9D-477F-BA6D-592D26316403}.Release|iPhone.ActiveCfg = Release|Any CPU
		{F564B44E-3D9D-477F-BA6D-592D26316403}.Release|iPhone.Build.0 = Release|Any CPU
		{F564B44E-3D9D-477F-BA6D-592D26316403}.Release|iPhoneSimulator.ActiveCfg = Release|Any CPU
		{F564B44E-3D9D-477F-BA6D-592D26316403}.Release|iPhoneSimulator.Build.0 = Release|Any CPU
		{35EC33AB-8FAE-4392-B164-B5899634C448}.Ad-Hoc|Any CPU.ActiveCfg = Release|Any CPU
		{35EC33AB-8FAE-4392-B164-B5899634C448}.Ad-Hoc|Any CPU.Build.0 = Release|Any CPU
		{35EC33AB-8FAE-4392-B164-B5899634C448}.Ad-Hoc|iPhone.ActiveCfg = Release|Any CPU
		{35EC33AB-8FAE-4392-B164-B5899634C448}.Ad-Hoc|iPhone.Build.0 = Release|Any CPU
		{35EC33AB-8FAE-4392-B164-B5899634C448}.Ad-Hoc|iPhoneSimulator.ActiveCfg = Release|Any CPU
		{35EC33AB-8FAE-4392-B164-B5899634C448}.Ad-Hoc|iPhoneSimulator.Build.0 = Release|Any CPU
		{35EC33AB-8FAE-4392-B164-B5899634C448}.AppStore|Any CPU.ActiveCfg = Release|Any CPU
		{35EC33AB-8FAE-4392-B164-B5899634C448}.AppStore|Any CPU.Build.0 = Release|Any CPU
		{35EC33AB-8FAE-4392-B164-B5899634C448}.AppStore|iPhone.ActiveCfg = Release|Any CPU
		{35EC33AB-8FAE-4392-B164-B5899634C448}.AppStore|iPhone.Build.0 = Release|Any CPU
		{35EC33AB-8FAE-4392-B164-B5899634C448}.AppStore|iPhoneSimulator.ActiveCfg = Release|Any CPU
		{35EC33AB-8FAE-4392-B164-B5899634C448}.AppStore|iPhoneSimulator.Build.0 = Release|Any CPU
		{35EC33AB-8FAE-4392-B164-B5899634C448}.Debug|Any CPU.ActiveCfg = Debug|Any CPU
		{35EC33AB-8FAE-4392-B164-B5899634C448}.Debug|Any CPU.Build.0 = Debug|Any CPU
		{35EC33AB-8FAE-4392-B164-B5899634C448}.Debug|iPhone.ActiveCfg = Debug|Any CPU
		{35EC33AB-8FAE-4392-B164-B5899634C448}.Debug|iPhone.Build.0 = Debug|Any CPU
		{35EC33AB-8FAE-4392-B164-B5899634C448}.Debug|iPhoneSimulator.ActiveCfg = Debug|Any CPU
		{35EC33AB-8FAE-4392-B164-B5899634C448}.Debug|iPhoneSimulator.Build.0 = Debug|Any CPU
		{35EC33AB-8FAE-4392-B164-B5899634C448}.Release|Any CPU.ActiveCfg = Release|Any CPU
		{35EC33AB-8FAE-4392-B164-B5899634C448}.Release|Any CPU.Build.0 = Release|Any CPU
		{35EC33AB-8FAE-4392-B164-B5899634C448}.Release|iPhone.ActiveCfg = Release|Any CPU
		{35EC33AB-8FAE-4392-B164-B5899634C448}.Release|iPhone.Build.0 = Release|Any CPU
		{35EC33AB-8FAE-4392-B164-B5899634C448}.Release|iPhoneSimulator.ActiveCfg = Release|Any CPU
		{35EC33AB-8FAE-4392-B164-B5899634C448}.Release|iPhoneSimulator.Build.0 = Release|Any CPU
		{FE1E2FAA-8F52-4F82-BB75-A1C1831DA309}.Ad-Hoc|Any CPU.ActiveCfg = Release|Any CPU
		{FE1E2FAA-8F52-4F82-BB75-A1C1831DA309}.Ad-Hoc|Any CPU.Build.0 = Release|Any CPU
		{FE1E2FAA-8F52-4F82-BB75-A1C1831DA309}.Ad-Hoc|iPhone.ActiveCfg = Release|Any CPU
		{FE1E2FAA-8F52-4F82-BB75-A1C1831DA309}.Ad-Hoc|iPhone.Build.0 = Release|Any CPU
		{FE1E2FAA-8F52-4F82-BB75-A1C1831DA309}.Ad-Hoc|iPhoneSimulator.ActiveCfg = Release|Any CPU
		{FE1E2FAA-8F52-4F82-BB75-A1C1831DA309}.Ad-Hoc|iPhoneSimulator.Build.0 = Release|Any CPU
		{FE1E2FAA-8F52-4F82-BB75-A1C1831DA309}.AppStore|Any CPU.ActiveCfg = Release|Any CPU
		{FE1E2FAA-8F52-4F82-BB75-A1C1831DA309}.AppStore|Any CPU.Build.0 = Release|Any CPU
		{FE1E2FAA-8F52-4F82-BB75-A1C1831DA309}.AppStore|iPhone.ActiveCfg = Release|Any CPU
		{FE1E2FAA-8F52-4F82-BB75-A1C1831DA309}.AppStore|iPhone.Build.0 = Release|Any CPU
		{FE1E2FAA-8F52-4F82-BB75-A1C1831DA309}.AppStore|iPhoneSimulator.ActiveCfg = Release|Any CPU
		{FE1E2FAA-8F52-4F82-BB75-A1C1831DA309}.AppStore|iPhoneSimulator.Build.0 = Release|Any CPU
		{FE1E2FAA-8F52-4F82-BB75-A1C1831DA309}.Debug|Any CPU.ActiveCfg = Debug|Any CPU
		{FE1E2FAA-8F52-4F82-BB75-A1C1831DA309}.Debug|Any CPU.Build.0 = Debug|Any CPU
		{FE1E2FAA-8F52-4F82-BB75-A1C1831DA309}.Debug|iPhone.ActiveCfg = Debug|Any CPU
		{FE1E2FAA-8F52-4F82-BB75-A1C1831DA309}.Debug|iPhone.Build.0 = Debug|Any CPU
		{FE1E2FAA-8F52-4F82-BB75-A1C1831DA309}.Debug|iPhoneSimulator.ActiveCfg = Debug|Any CPU
		{FE1E2FAA-8F52-4F82-BB75-A1C1831DA309}.Debug|iPhoneSimulator.Build.0 = Debug|Any CPU
		{FE1E2FAA-8F52-4F82-BB75-A1C1831DA309}.Release|Any CPU.ActiveCfg = Release|Any CPU
		{FE1E2FAA-8F52-4F82-BB75-A1C1831DA309}.Release|Any CPU.Build.0 = Release|Any CPU
		{FE1E2FAA-8F52-4F82-BB75-A1C1831DA309}.Release|iPhone.ActiveCfg = Release|Any CPU
		{FE1E2FAA-8F52-4F82-BB75-A1C1831DA309}.Release|iPhone.Build.0 = Release|Any CPU
		{FE1E2FAA-8F52-4F82-BB75-A1C1831DA309}.Release|iPhoneSimulator.ActiveCfg = Release|Any CPU
		{FE1E2FAA-8F52-4F82-BB75-A1C1831DA309}.Release|iPhoneSimulator.Build.0 = Release|Any CPU
		{5F27338B-DF24-4FF5-BB6F-E90FDFA7A35A}.Ad-Hoc|Any CPU.ActiveCfg = Release
		{5F27338B-DF24-4FF5-BB6F-E90FDFA7A35A}.Ad-Hoc|iPhone.ActiveCfg = Release
		{5F27338B-DF24-4FF5-BB6F-E90FDFA7A35A}.Ad-Hoc|iPhoneSimulator.ActiveCfg = Release
		{5F27338B-DF24-4FF5-BB6F-E90FDFA7A35A}.AppStore|Any CPU.ActiveCfg = Release
		{5F27338B-DF24-4FF5-BB6F-E90FDFA7A35A}.AppStore|iPhone.ActiveCfg = Release
		{5F27338B-DF24-4FF5-BB6F-E90FDFA7A35A}.AppStore|iPhoneSimulator.ActiveCfg = Release
		{5F27338B-DF24-4FF5-BB6F-E90FDFA7A35A}.Debug|Any CPU.ActiveCfg = Debug
		{5F27338B-DF24-4FF5-BB6F-E90FDFA7A35A}.Debug|iPhone.ActiveCfg = Debug
		{5F27338B-DF24-4FF5-BB6F-E90FDFA7A35A}.Debug|iPhoneSimulator.ActiveCfg = Debug
		{5F27338B-DF24-4FF5-BB6F-E90FDFA7A35A}.Release|Any CPU.ActiveCfg = Release
		{5F27338B-DF24-4FF5-BB6F-E90FDFA7A35A}.Release|iPhone.ActiveCfg = Release
		{5F27338B-DF24-4FF5-BB6F-E90FDFA7A35A}.Release|iPhoneSimulator.ActiveCfg = Release
		{ADE097F3-B4E5-4007-A269-1B7E0B5A89D8}.Ad-Hoc|Any CPU.ActiveCfg = Release
		{ADE097F3-B4E5-4007-A269-1B7E0B5A89D8}.Ad-Hoc|iPhone.ActiveCfg = Release
		{ADE097F3-B4E5-4007-A269-1B7E0B5A89D8}.Ad-Hoc|iPhoneSimulator.ActiveCfg = Release
		{ADE097F3-B4E5-4007-A269-1B7E0B5A89D8}.AppStore|Any CPU.ActiveCfg = Release
		{ADE097F3-B4E5-4007-A269-1B7E0B5A89D8}.AppStore|iPhone.ActiveCfg = Release
		{ADE097F3-B4E5-4007-A269-1B7E0B5A89D8}.AppStore|iPhoneSimulator.ActiveCfg = Release
		{ADE097F3-B4E5-4007-A269-1B7E0B5A89D8}.Debug|Any CPU.ActiveCfg = Debug
		{ADE097F3-B4E5-4007-A269-1B7E0B5A89D8}.Debug|iPhone.ActiveCfg = Debug
		{ADE097F3-B4E5-4007-A269-1B7E0B5A89D8}.Debug|iPhoneSimulator.ActiveCfg = Debug
		{ADE097F3-B4E5-4007-A269-1B7E0B5A89D8}.Release|Any CPU.ActiveCfg = Release
		{ADE097F3-B4E5-4007-A269-1B7E0B5A89D8}.Release|iPhone.ActiveCfg = Release
		{ADE097F3-B4E5-4007-A269-1B7E0B5A89D8}.Release|iPhoneSimulator.ActiveCfg = Release
		{732928F4-6EC6-49AE-8CCC-C7AEA2236629}.Ad-Hoc|Any CPU.ActiveCfg = Release
		{732928F4-6EC6-49AE-8CCC-C7AEA2236629}.Ad-Hoc|iPhone.ActiveCfg = Release
		{732928F4-6EC6-49AE-8CCC-C7AEA2236629}.Ad-Hoc|iPhoneSimulator.ActiveCfg = Release
		{732928F4-6EC6-49AE-8CCC-C7AEA2236629}.AppStore|Any CPU.ActiveCfg = Release
		{732928F4-6EC6-49AE-8CCC-C7AEA2236629}.AppStore|iPhone.ActiveCfg = Release
		{732928F4-6EC6-49AE-8CCC-C7AEA2236629}.AppStore|iPhoneSimulator.ActiveCfg = Release
		{732928F4-6EC6-49AE-8CCC-C7AEA2236629}.Debug|Any CPU.ActiveCfg = Debug
		{732928F4-6EC6-49AE-8CCC-C7AEA2236629}.Debug|iPhone.ActiveCfg = Debug
		{732928F4-6EC6-49AE-8CCC-C7AEA2236629}.Debug|iPhoneSimulator.ActiveCfg = Debug
		{732928F4-6EC6-49AE-8CCC-C7AEA2236629}.Release|Any CPU.ActiveCfg = Release
		{732928F4-6EC6-49AE-8CCC-C7AEA2236629}.Release|iPhone.ActiveCfg = Release
		{732928F4-6EC6-49AE-8CCC-C7AEA2236629}.Release|iPhoneSimulator.ActiveCfg = Release
	EndGlobalSection
	GlobalSection(SolutionProperties) = preSolution
		HideSolutionNode = FALSE
	EndGlobalSection
	GlobalSection(ExtensibilityGlobals) = postSolution
		SolutionGuid = {B689D281-07A9-409E-A340-096F4A613889}
	EndGlobalSection
EndGlobal
